
Microsoft Visual Studio Solution File, Format Version 12.00
# Visual Studio Version 17
VisualStudioVersion = 17.7.34009.444
MinimumVisualStudioVersion = 10.0.40219.1
Project("{FAE04EC0-301F-11D3-BF4B-00C04F79EFBC}") = "DemoMinimalApi", "DemoMinimalApi.csproj", "{1385A25E-6CD0-488D-909C-1E530DD3E13E}"
EndProject
Global
	GlobalSection(SolutionConfigurationPlatforms) = preSolution
		Debug|Any CPU = Debug|Any CPU
		Release|Any CPU = Release|Any CPU
	EndGlobalSection
	GlobalSection(ProjectConfigurationPlatforms) = postSolution
		{1385A25E-6CD0-488D-909C-1E530DD3E13E}.Debug|Any CPU.ActiveCfg = Debug|Any CPU
		{1385A25E-6CD0-488D-909C-1E530DD3E13E}.Debug|Any CPU.Build.0 = Debug|Any CPU
		{1385A25E-6CD0-488D-909C-1E530DD3E13E}.Release|Any CPU.ActiveCfg = Release|Any CPU
		{1385A25E-6CD0-488D-909C-1E530DD3E13E}.Release|Any CPU.Build.0 = Release|Any CPU
	EndGlobalSection
	GlobalSection(SolutionProperties) = preSolution
		HideSolutionNode = FALSE
	EndGlobalSection
	GlobalSection(ExtensibilityGlobals) = postSolution
		SolutionGuid = {EC38EC0B-E451-497A-AECF-45E7D6328F7C}
	EndGlobalSection
EndGlobal
